
Microsoft Visual Studio Solution File, Format Version 12.00
# Visual Studio Version 17
VisualStudioVersion = 17.6.33829.357
MinimumVisualStudioVersion = 10.0.40219.1
Project("{2150E333-8FDC-42A3-9474-1A3956D46DE8}") = "SolutionFiles", "SolutionFiles", "{F6C54684-1109-48C6-98D8-B4750D8BCC72}"
	ProjectSection(SolutionItems) = preProject
		azure-pipelines.yml = azure-pipelines.yml
		Directory.Build.props = Directory.Build.props
		README.md = README.md
		version.json = version.json
	EndProjectSection
EndProject
Project("{9A19103F-16F7-4668-BE54-9A1E7A4F7556}") = "aemarco.Crawler.Person", "aemarco.Crawler.Person\aemarco.Crawler.Person.csproj", "{E0EAB8EE-D6CA-424D-846C-E32833605A36}"
EndProject
Project("{2150E333-8FDC-42A3-9474-1A3956D46DE8}") = "Tests", "Tests", "{2F6DBB96-EC43-4C4B-A5A4-689A2225D367}"
	ProjectSection(SolutionItems) = preProject
		Tests\Directory.Build.props = Tests\Directory.Build.props
	EndProjectSection
EndProject
Project("{9A19103F-16F7-4668-BE54-9A1E7A4F7556}") = "aemarco.Crawler.Wallpaper", "aemarco.Crawler.Wallpaper\aemarco.Crawler.Wallpaper.csproj", "{F2EB8B5A-FB9C-4F9E-8B1A-8B3564DAB193}"
EndProject
Project("{9A19103F-16F7-4668-BE54-9A1E7A4F7556}") = "aemarco.Crawler.PersonTests", "Tests\aemarco.Crawler.PersonTests\aemarco.Crawler.PersonTests.csproj", "{A1F51F78-D052-4838-8257-24D1B8683054}"
EndProject
Project("{9A19103F-16F7-4668-BE54-9A1E7A4F7556}") = "aemarco.Crawler.WallpaperTests", "Tests\aemarco.Crawler.WallpaperTests\aemarco.Crawler.WallpaperTests.csproj", "{6B2DC543-ED30-4F3D-90F7-88DAB54ACB2C}"
EndProject
Project("{FAE04EC0-301F-11D3-BF4B-00C04F79EFBC}") = "aemarco.Crawler", "aemarco.Crawler\aemarco.Crawler.csproj", "{E6C13DAF-7A4E-4DD8-A5DB-C84568BAAF68}"
EndProject
Global
	GlobalSection(SolutionConfigurationPlatforms) = preSolution
		Debug|Any CPU = Debug|Any CPU
		Release|Any CPU = Release|Any CPU
	EndGlobalSection
	GlobalSection(ProjectConfigurationPlatforms) = postSolution
		{E0EAB8EE-D6CA-424D-846C-E32833605A36}.Debug|Any CPU.ActiveCfg = Debug|Any CPU
		{E0EAB8EE-D6CA-424D-846C-E32833605A36}.Debug|Any CPU.Build.0 = Debug|Any CPU
		{E0EAB8EE-D6CA-424D-846C-E32833605A36}.Release|Any CPU.ActiveCfg = Release|Any CPU
		{E0EAB8EE-D6CA-424D-846C-E32833605A36}.Release|Any CPU.Build.0 = Release|Any CPU
		{F2EB8B5A-FB9C-4F9E-8B1A-8B3564DAB193}.Debug|Any CPU.ActiveCfg = Debug|Any CPU
		{F2EB8B5A-FB9C-4F9E-8B1A-8B3564DAB193}.Debug|Any CPU.Build.0 = Debug|Any CPU
		{F2EB8B5A-FB9C-4F9E-8B1A-8B3564DAB193}.Release|Any CPU.ActiveCfg = Release|Any CPU
		{F2EB8B5A-FB9C-4F9E-8B1A-8B3564DAB193}.Release|Any CPU.Build.0 = Release|Any CPU
		{A1F51F78-D052-4838-8257-24D1B8683054}.Debug|Any CPU.ActiveCfg = Debug|Any CPU
		{A1F51F78-D052-4838-8257-24D1B8683054}.Debug|Any CPU.Build.0 = Debug|Any CPU
		{A1F51F78-D052-4838-8257-24D1B8683054}.Release|Any CPU.ActiveCfg = Release|Any CPU
		{A1F51F78-D052-4838-8257-24D1B8683054}.Release|Any CPU.Build.0 = Release|Any CPU
		{6B2DC543-ED30-4F3D-90F7-88DAB54ACB2C}.Debug|Any CPU.ActiveCfg = Debug|Any CPU
		{6B2DC543-ED30-4F3D-90F7-88DAB54ACB2C}.Debug|Any CPU.Build.0 = Debug|Any CPU
		{6B2DC543-ED30-4F3D-90F7-88DAB54ACB2C}.Release|Any CPU.ActiveCfg = Release|Any CPU
		{6B2DC543-ED30-4F3D-90F7-88DAB54ACB2C}.Release|Any CPU.Build.0 = Release|Any CPU
		{E6C13DAF-7A4E-4DD8-A5DB-C84568BAAF68}.Debug|Any CPU.ActiveCfg = Debug|Any CPU
		{E6C13DAF-7A4E-4DD8-A5DB-C84568BAAF68}.Debug|Any CPU.Build.0 = Debug|Any CPU
		{E6C13DAF-7A4E-4DD8-A5DB-C84568BAAF68}.Release|Any CPU.ActiveCfg = Release|Any CPU
		{E6C13DAF-7A4E-4DD8-A5DB-C84568BAAF68}.Release|Any CPU.Build.0 = Release|Any CPU
	EndGlobalSection
	GlobalSection(SolutionProperties) = preSolution
		HideSolutionNode = FALSE
	EndGlobalSection
	GlobalSection(NestedProjects) = preSolution
		{A1F51F78-D052-4838-8257-24D1B8683054} = {2F6DBB96-EC43-4C4B-A5A4-689A2225D367}
		{6B2DC543-ED30-4F3D-90F7-88DAB54ACB2C} = {2F6DBB96-EC43-4C4B-A5A4-689A2225D367}
	EndGlobalSection
	GlobalSection(ExtensibilityGlobals) = postSolution
		SolutionGuid = {0EC96D17-031A-4821-AF90-49577D41E2CF}
	EndGlobalSection
EndGlobal
