
Microsoft Visual Studio Solution File, Format Version 12.00
# Visual Studio Version 16
VisualStudioVersion = 16.0.29418.71
MinimumVisualStudioVersion = 10.0.40219.1
Project("{9A19103F-16F7-4668-BE54-9A1E7A4F7556}") = "aemarcoCore", "aemarcoCore\aemarcoCore.csproj", "{1CCBFEDC-E346-4A90-AFB3-EDDEF671B1EC}"
EndProject
Project("{9A19103F-16F7-4668-BE54-9A1E7A4F7556}") = "aemarcoCoreTests", "aemarcoCoreTests\aemarcoCoreTests.csproj", "{890F1157-CC3C-466A-BA93-45827EAC0F13}"
EndProject
Project("{2150E333-8FDC-42A3-9474-1A3956D46DE8}") = "SolutionFiles", "SolutionFiles", "{F6C54684-1109-48C6-98D8-B4750D8BCC72}"
	ProjectSection(SolutionItems) = preProject
		azure-pipelines.yml = azure-pipelines.yml
		README.md = README.md
	EndProjectSection
EndProject
Global
	GlobalSection(SolutionConfigurationPlatforms) = preSolution
		Debug|Any CPU = Debug|Any CPU
		Release|Any CPU = Release|Any CPU
	EndGlobalSection
	GlobalSection(ProjectConfigurationPlatforms) = postSolution
		{1CCBFEDC-E346-4A90-AFB3-EDDEF671B1EC}.Debug|Any CPU.ActiveCfg = Debug|Any CPU
		{1CCBFEDC-E346-4A90-AFB3-EDDEF671B1EC}.Debug|Any CPU.Build.0 = Debug|Any CPU
		{1CCBFEDC-E346-4A90-AFB3-EDDEF671B1EC}.Release|Any CPU.ActiveCfg = Release|Any CPU
		{1CCBFEDC-E346-4A90-AFB3-EDDEF671B1EC}.Release|Any CPU.Build.0 = Release|Any CPU
		{890F1157-CC3C-466A-BA93-45827EAC0F13}.Debug|Any CPU.ActiveCfg = Debug|Any CPU
		{890F1157-CC3C-466A-BA93-45827EAC0F13}.Debug|Any CPU.Build.0 = Debug|Any CPU
		{890F1157-CC3C-466A-BA93-45827EAC0F13}.Release|Any CPU.ActiveCfg = Release|Any CPU
		{890F1157-CC3C-466A-BA93-45827EAC0F13}.Release|Any CPU.Build.0 = Release|Any CPU
	EndGlobalSection
	GlobalSection(SolutionProperties) = preSolution
		HideSolutionNode = FALSE
	EndGlobalSection
	GlobalSection(ExtensibilityGlobals) = postSolution
		SolutionGuid = {0EC96D17-031A-4821-AF90-49577D41E2CF}
	EndGlobalSection
EndGlobal
